// !$*UTF8*$!
{
	archiveVersion = 1;
	classes = {
	};
	objectVersion = 46;
	objects = {

/* Begin PBXBuildFile section */
		7B6D4DAF1E7E77190071A186 /* FavViewController.swift in Sources */ = {isa = PBXBuildFile; fileRef = 7B6D4DAE1E7E77190071A186 /* FavViewController.swift */; };
		7B6D4DB11E7F7DEA0071A186 /* weather.xcassets in Resources */ = {isa = PBXBuildFile; fileRef = 7B6D4DB01E7F7DEA0071A186 /* weather.xcassets */; };
		7BB94FA21E7D2DDA0002FDF5 /* CityList.swift in Sources */ = {isa = PBXBuildFile; fileRef = 7BB94FA11E7D2DDA0002FDF5 /* CityList.swift */; };
		7BB94FA71E7D3FC50002FDF5 /* CoreData.framework in Frameworks */ = {isa = PBXBuildFile; fileRef = 7BB94FA61E7D3FC50002FDF5 /* CoreData.framework */; };
		7BB94FD11E7D48800002FDF5 /* city_list.sqlite in Resources */ = {isa = PBXBuildFile; fileRef = 7BB94FD01E7D48800002FDF5 /* city_list.sqlite */; };
		7BB94FD41E7E6E870002FDF5 /* City+CoreDataClass.swift in Sources */ = {isa = PBXBuildFile; fileRef = 7BB94FD21E7E6E870002FDF5 /* City+CoreDataClass.swift */; };
		7BB94FD51E7E6E870002FDF5 /* City+CoreDataProperties.swift in Sources */ = {isa = PBXBuildFile; fileRef = 7BB94FD31E7E6E870002FDF5 /* City+CoreDataProperties.swift */; };
		7BD36D361E76E06F0012E1D8 /* AppDelegate.swift in Sources */ = {isa = PBXBuildFile; fileRef = 7BD36D351E76E06F0012E1D8 /* AppDelegate.swift */; };
		7BD36D381E76E06F0012E1D8 /* ViewController.swift in Sources */ = {isa = PBXBuildFile; fileRef = 7BD36D371E76E06F0012E1D8 /* ViewController.swift */; };
		7BD36D3B1E76E0700012E1D8 /* Main.storyboard in Resources */ = {isa = PBXBuildFile; fileRef = 7BD36D391E76E0700012E1D8 /* Main.storyboard */; };
		7BD36D3E1E76E0700012E1D8 /* weatherApp.xcdatamodeld in Sources */ = {isa = PBXBuildFile; fileRef = 7BD36D3C1E76E0700012E1D8 /* weatherApp.xcdatamodeld */; };
		7BD36D401E76E0700012E1D8 /* Assets.xcassets in Resources */ = {isa = PBXBuildFile; fileRef = 7BD36D3F1E76E0700012E1D8 /* Assets.xcassets */; };
		7BD36D431E76E0700012E1D8 /* LaunchScreen.storyboard in Resources */ = {isa = PBXBuildFile; fileRef = 7BD36D411E76E0700012E1D8 /* LaunchScreen.storyboard */; };
		7BD36D4E1E79B0EF0012E1D8 /* SearchViewController.swift in Sources */ = {isa = PBXBuildFile; fileRef = 7BD36D4D1E79B0EF0012E1D8 /* SearchViewController.swift */; };
		7BD36D521E7A8C830012E1D8 /* WeatherData.swift in Sources */ = {isa = PBXBuildFile; fileRef = 7BD36D511E7A8C830012E1D8 /* WeatherData.swift */; };
/* End PBXBuildFile section */

/* Begin PBXFileReference section */
		7B6D4DAE1E7E77190071A186 /* FavViewController.swift */ = {isa = PBXFileReference; fileEncoding = 4; lastKnownFileType = sourcecode.swift; path = FavViewController.swift; sourceTree = "<group>"; };
		7B6D4DB01E7F7DEA0071A186 /* weather.xcassets */ = {isa = PBXFileReference; lastKnownFileType = folder.assetcatalog; path = weather.xcassets; sourceTree = "<group>"; };
		7BB94FA11E7D2DDA0002FDF5 /* CityList.swift */ = {isa = PBXFileReference; fileEncoding = 4; lastKnownFileType = sourcecode.swift; path = CityList.swift; sourceTree = "<group>"; };
		7BB94FA61E7D3FC50002FDF5 /* CoreData.framework */ = {isa = PBXFileReference; lastKnownFileType = wrapper.framework; name = CoreData.framework; path = System/Library/Frameworks/CoreData.framework; sourceTree = SDKROOT; };
		7BB94FD01E7D48800002FDF5 /* city_list.sqlite */ = {isa = PBXFileReference; lastKnownFileType = file; path = city_list.sqlite; sourceTree = "<group>"; };
		7BB94FD21E7E6E870002FDF5 /* City+CoreDataClass.swift */ = {isa = PBXFileReference; fileEncoding = 4; lastKnownFileType = sourcecode.swift; path = "City+CoreDataClass.swift"; sourceTree = "<group>"; };
		7BB94FD31E7E6E870002FDF5 /* City+CoreDataProperties.swift */ = {isa = PBXFileReference; fileEncoding = 4; lastKnownFileType = sourcecode.swift; path = "City+CoreDataProperties.swift"; sourceTree = "<group>"; };
		7BD36D321E76E06F0012E1D8 /* weatherApp.app */ = {isa = PBXFileReference; explicitFileType = wrapper.application; includeInIndex = 0; path = weatherApp.app; sourceTree = BUILT_PRODUCTS_DIR; };
		7BD36D351E76E06F0012E1D8 /* AppDelegate.swift */ = {isa = PBXFileReference; lastKnownFileType = sourcecode.swift; path = AppDelegate.swift; sourceTree = "<group>"; };
		7BD36D371E76E06F0012E1D8 /* ViewController.swift */ = {isa = PBXFileReference; lastKnownFileType = sourcecode.swift; path = ViewController.swift; sourceTree = "<group>"; };
		7BD36D3A1E76E0700012E1D8 /* Base */ = {isa = PBXFileReference; lastKnownFileType = file.storyboard; name = Base; path = Base.lproj/Main.storyboard; sourceTree = "<group>"; };
		7BD36D3D1E76E0700012E1D8 /* weatherApp.xcdatamodel */ = {isa = PBXFileReference; lastKnownFileType = wrapper.xcdatamodel; path = weatherApp.xcdatamodel; sourceTree = "<group>"; };
		7BD36D3F1E76E0700012E1D8 /* Assets.xcassets */ = {isa = PBXFileReference; lastKnownFileType = folder.assetcatalog; path = Assets.xcassets; sourceTree = "<group>"; };
		7BD36D421E76E0700012E1D8 /* Base */ = {isa = PBXFileReference; lastKnownFileType = file.storyboard; name = Base; path = Base.lproj/LaunchScreen.storyboard; sourceTree = "<group>"; };
		7BD36D441E76E0700012E1D8 /* Info.plist */ = {isa = PBXFileReference; lastKnownFileType = text.plist.xml; path = Info.plist; sourceTree = "<group>"; };
		7BD36D4D1E79B0EF0012E1D8 /* SearchViewController.swift */ = {isa = PBXFileReference; fileEncoding = 4; lastKnownFileType = sourcecode.swift; path = SearchViewController.swift; sourceTree = "<group>"; };
		7BD36D511E7A8C830012E1D8 /* WeatherData.swift */ = {isa = PBXFileReference; fileEncoding = 4; lastKnownFileType = sourcecode.swift; path = WeatherData.swift; sourceTree = "<group>"; };
/* End PBXFileReference section */

/* Begin PBXFrameworksBuildPhase section */
		7BD36D2F1E76E06F0012E1D8 /* Frameworks */ = {
			isa = PBXFrameworksBuildPhase;
			buildActionMask = 2147483647;
			files = (
				7BB94FA71E7D3FC50002FDF5 /* CoreData.framework in Frameworks */,
			);
			runOnlyForDeploymentPostprocessing = 0;
		};
/* End PBXFrameworksBuildPhase section */

/* Begin PBXGroup section */
		7BB94FA31E7D2ECA0002FDF5 /* model */ = {
			isa = PBXGroup;
			children = (
				7BD36D511E7A8C830012E1D8 /* WeatherData.swift */,
				7BB94FA11E7D2DDA0002FDF5 /* CityList.swift */,
				7BB94FD21E7E6E870002FDF5 /* City+CoreDataClass.swift */,
				7BB94FD31E7E6E870002FDF5 /* City+CoreDataProperties.swift */,
			);
			name = model;
			sourceTree = "<group>";
		};
		7BB94FA41E7D3D370002FDF5 /* SQLite */ = {
			isa = PBXGroup;
			children = (
				7BB94FD01E7D48800002FDF5 /* city_list.sqlite */,
			);
			name = SQLite;
			sourceTree = "<group>";
		};
		7BB94FA51E7D3FC50002FDF5 /* Frameworks */ = {
			isa = PBXGroup;
			children = (
				7BB94FA61E7D3FC50002FDF5 /* CoreData.framework */,
			);
			name = Frameworks;
			sourceTree = "<group>";
		};
		7BD36D291E76E06F0012E1D8 = {
			isa = PBXGroup;
			children = (
				7BD36D341E76E06F0012E1D8 /* weatherApp */,
				7BD36D331E76E06F0012E1D8 /* Products */,
				7BB94FA51E7D3FC50002FDF5 /* Frameworks */,
			);
			sourceTree = "<group>";
		};
		7BD36D331E76E06F0012E1D8 /* Products */ = {
			isa = PBXGroup;
			children = (
				7BD36D321E76E06F0012E1D8 /* weatherApp.app */,
			);
			name = Products;
			sourceTree = "<group>";
		};
		7BD36D341E76E06F0012E1D8 /* weatherApp */ = {
			isa = PBXGroup;
			children = (
				7BD36D351E76E06F0012E1D8 /* AppDelegate.swift */,
				7BD36D371E76E06F0012E1D8 /* ViewController.swift */,
				7B6D4DAE1E7E77190071A186 /* FavViewController.swift */,
				7BD36D4D1E79B0EF0012E1D8 /* SearchViewController.swift */,
				7BB94FA31E7D2ECA0002FDF5 /* model */,
				7BB94FA41E7D3D370002FDF5 /* SQLite */,
				7BD36D391E76E0700012E1D8 /* Main.storyboard */,
				7BD36D3F1E76E0700012E1D8 /* Assets.xcassets */,
				7B6D4DB01E7F7DEA0071A186 /* weather.xcassets */,
				7BD36D411E76E0700012E1D8 /* LaunchScreen.storyboard */,
				7BD36D441E76E0700012E1D8 /* Info.plist */,
				7BD36D3C1E76E0700012E1D8 /* weatherApp.xcdatamodeld */,
			);
			path = weatherApp;
			sourceTree = "<group>";
		};
/* End PBXGroup section */

/* Begin PBXNativeTarget section */
		7BD36D311E76E06F0012E1D8 /* weatherApp */ = {
			isa = PBXNativeTarget;
			buildConfigurationList = 7BD36D471E76E0700012E1D8 /* Build configuration list for PBXNativeTarget "weatherApp" */;
			buildPhases = (
				7BD36D2E1E76E06F0012E1D8 /* Sources */,
				7BD36D2F1E76E06F0012E1D8 /* Frameworks */,
				7BD36D301E76E06F0012E1D8 /* Resources */,
			);
			buildRules = (
			);
			dependencies = (
			);
			name = weatherApp;
			productName = weatherApp;
			productReference = 7BD36D321E76E06F0012E1D8 /* weatherApp.app */;
			productType = "com.apple.product-type.application";
		};
/* End PBXNativeTarget section */

/* Begin PBXProject section */
		7BD36D2A1E76E06F0012E1D8 /* Project object */ = {
			isa = PBXProject;
			attributes = {
				LastSwiftUpdateCheck = 0820;
				LastUpgradeCheck = 0820;
				ORGANIZATIONNAME = sample;
				TargetAttributes = {
					7BD36D311E76E06F0012E1D8 = {
						CreatedOnToolsVersion = 8.2.1;
						ProvisioningStyle = Automatic;
					};
				};
			};
			buildConfigurationList = 7BD36D2D1E76E06F0012E1D8 /* Build configuration list for PBXProject "weatherApp" */;
			compatibilityVersion = "Xcode 3.2";
			developmentRegion = English;
			hasScannedForEncodings = 0;
			knownRegions = (
				en,
				Base,
			);
			mainGroup = 7BD36D291E76E06F0012E1D8;
			productRefGroup = 7BD36D331E76E06F0012E1D8 /* Products */;
			projectDirPath = "";
			projectRoot = "";
			targets = (
				7BD36D311E76E06F0012E1D8 /* weatherApp */,
			);
		};
/* End PBXProject section */

/* Begin PBXResourcesBuildPhase section */
		7BD36D301E76E06F0012E1D8 /* Resources */ = {
			isa = PBXResourcesBuildPhase;
			buildActionMask = 2147483647;
			files = (
				7B6D4DB11E7F7DEA0071A186 /* weather.xcassets in Resources */,
				7BD36D431E76E0700012E1D8 /* LaunchScreen.storyboard in Resources */,
				7BB94FD11E7D48800002FDF5 /* city_list.sqlite in Resources */,
				7BD36D401E76E0700012E1D8 /* Assets.xcassets in Resources */,
				7BD36D3B1E76E0700012E1D8 /* Main.storyboard in Resources */,
			);
			runOnlyForDeploymentPostprocessing = 0;
		};
/* End PBXResourcesBuildPhase section */

/* Begin PBXSourcesBuildPhase section */
		7BD36D2E1E76E06F0012E1D8 /* Sources */ = {
			isa = PBXSourcesBuildPhase;
			buildActionMask = 2147483647;
			files = (
				7BD36D381E76E06F0012E1D8 /* ViewController.swift in Sources */,
				7BD36D521E7A8C830012E1D8 /* WeatherData.swift in Sources */,
				7BD36D4E1E79B0EF0012E1D8 /* SearchViewController.swift in Sources */,
				7B6D4DAF1E7E77190071A186 /* FavViewController.swift in Sources */,
				7BD36D3E1E76E0700012E1D8 /* weatherApp.xcdatamodeld in Sources */,
				7BB94FD51E7E6E870002FDF5 /* City+CoreDataProperties.swift in Sources */,
				7BB94FA21E7D2DDA0002FDF5 /* CityList.swift in Sources */,
				7BB94FD41E7E6E870002FDF5 /* City+CoreDataClass.swift in Sources */,
				7BD36D361E76E06F0012E1D8 /* AppDelegate.swift in Sources */,
			);
			runOnlyForDeploymentPostprocessing = 0;
		};
/* End PBXSourcesBuildPhase section */

/* Begin PBXVariantGroup section */
		7BD36D391E76E0700012E1D8 /* Main.storyboard */ = {
			isa = PBXVariantGroup;
			children = (
				7BD36D3A1E76E0700012E1D8 /* Base */,
			);
			name = Main.storyboard;
			sourceTree = "<group>";
		};
		7BD36D411E76E0700012E1D8 /* LaunchScreen.storyboard */ = {
			isa = PBXVariantGroup;
			children = (
				7BD36D421E76E0700012E1D8 /* Base */,
			);
			name = LaunchScreen.storyboard;
			sourceTree = "<group>";
		};
/* End PBXVariantGroup section */

/* Begin XCBuildConfiguration section */
		7BD36D451E76E0700012E1D8 /* Debug */ = {
			isa = XCBuildConfiguration;
			buildSettings = {
				ALWAYS_SEARCH_USER_PATHS = NO;
				CLANG_ANALYZER_NONNULL = YES;
				CLANG_CXX_LANGUAGE_STANDARD = "gnu++0x";
				CLANG_CXX_LIBRARY = "libc++";
				CLANG_ENABLE_MODULES = YES;
				CLANG_ENABLE_OBJC_ARC = YES;
				CLANG_WARN_BOOL_CONVERSION = YES;
				CLANG_WARN_CONSTANT_CONVERSION = YES;
				CLANG_WARN_DIRECT_OBJC_ISA_USAGE = YES_ERROR;
				CLANG_WARN_DOCUMENTATION_COMMENTS = YES;
				CLANG_WARN_EMPTY_BODY = YES;
				CLANG_WARN_ENUM_CONVERSION = YES;
				CLANG_WARN_INFINITE_RECURSION = YES;
				CLANG_WARN_INT_CONVERSION = YES;
				CLANG_WARN_OBJC_ROOT_CLASS = YES_ERROR;
				CLANG_WARN_SUSPICIOUS_MOVE = YES;
				CLANG_WARN_UNREACHABLE_CODE = YES;
				CLANG_WARN__DUPLICATE_METHOD_MATCH = YES;
				"CODE_SIGN_IDENTITY[sdk=iphoneos*]" = "iPhone Developer";
				COPY_PHASE_STRIP = NO;
				DEBUG_INFORMATION_FORMAT = dwarf;
				ENABLE_STRICT_OBJC_MSGSEND = YES;
				ENABLE_TESTABILITY = YES;
				GCC_C_LANGUAGE_STANDARD = gnu99;
				GCC_DYNAMIC_NO_PIC = NO;
				GCC_NO_COMMON_BLOCKS = YES;
				GCC_OPTIMIZATION_LEVEL = 0;
				GCC_PREPROCESSOR_DEFINITIONS = (
					"DEBUG=1",
					"$(inherited)",
				);
				GCC_WARN_64_TO_32_BIT_CONVERSION = YES;
				GCC_WARN_ABOUT_RETURN_TYPE = YES_ERROR;
				GCC_WARN_UNDECLARED_SELECTOR = YES;
				GCC_WARN_UNINITIALIZED_AUTOS = YES_AGGRESSIVE;
				GCC_WARN_UNUSED_FUNCTION = YES;
				GCC_WARN_UNUSED_VARIABLE = YES;
				IPHONEOS_DEPLOYMENT_TARGET = 10.2;
				MTL_ENABLE_DEBUG_INFO = YES;
				ONLY_ACTIVE_ARCH = YES;
				SDKROOT = iphoneos;
				SWIFT_ACTIVE_COMPILATION_CONDITIONS = DEBUG;
				SWIFT_OPTIMIZATION_LEVEL = "-Onone";
			};
			name = Debug;
		};
		7BD36D461E76E0700012E1D8 /* Release */ = {
			isa = XCBuildConfiguration;
			buildSettings = {
				ALWAYS_SEARCH_USER_PATHS = NO;
				CLANG_ANALYZER_NONNULL = YES;
				CLANG_CXX_LANGUAGE_STANDARD = "gnu++0x";
				CLANG_CXX_LIBRARY = "libc++";
				CLANG_ENABLE_MODULES = YES;
				CLANG_ENABLE_OBJC_ARC = YES;
				CLANG_WARN_BOOL_CONVERSION = YES;
				CLANG_WARN_CONSTANT_CONVERSION = YES;
				CLANG_WARN_DIRECT_OBJC_ISA_USAGE = YES_ERROR;
				CLANG_WARN_DOCUMENTATION_COMMENTS = YES;
				CLANG_WARN_EMPTY_BODY = YES;
				CLANG_WARN_ENUM_CONVERSION = YES;
				CLANG_WARN_INFINITE_RECURSION = YES;
				CLANG_WARN_INT_CONVERSION = YES;
				CLANG_WARN_OBJC_ROOT_CLASS = YES_ERROR;
				CLANG_WARN_SUSPICIOUS_MOVE = YES;
				CLANG_WARN_UNREACHABLE_CODE = YES;
				CLANG_WARN__DUPLICATE_METHOD_MATCH = YES;
				"CODE_SIGN_IDENTITY[sdk=iphoneos*]" = "iPhone Developer";
				COPY_PHASE_STRIP = NO;
				DEBUG_INFORMATION_FORMAT = "dwarf-with-dsym";
				ENABLE_NS_ASSERTIONS = NO;
				ENABLE_STRICT_OBJC_MSGSEND = YES;
				GCC_C_LANGUAGE_STANDARD = gnu99;
				GCC_NO_COMMON_BLOCKS = YES;
				GCC_WARN_64_TO_32_BIT_CONVERSION = YES;
				GCC_WARN_ABOUT_RETURN_TYPE = YES_ERROR;
				GCC_WARN_UNDECLARED_SELECTOR = YES;
				GCC_WARN_UNINITIALIZED_AUTOS = YES_AGGRESSIVE;
				GCC_WARN_UNUSED_FUNCTION = YES;
				GCC_WARN_UNUSED_VARIABLE = YES;
				IPHONEOS_DEPLOYMENT_TARGET = 10.2;
				MTL_ENABLE_DEBUG_INFO = NO;
				SDKROOT = iphoneos;
				SWIFT_OPTIMIZATION_LEVEL = "-Owholemodule";
				VALIDATE_PRODUCT = YES;
			};
			name = Release;
		};
		7BD36D481E76E0700012E1D8 /* Debug */ = {
			isa = XCBuildConfiguration;
			buildSettings = {
				ASSETCATALOG_COMPILER_APPICON_NAME = AppIcon;
				INFOPLIST_FILE = weatherApp/Info.plist;
				LD_RUNPATH_SEARCH_PATHS = "$(inherited) @executable_path/Frameworks";
				PRODUCT_BUNDLE_IDENTIFIER = sample.weatherApp;
				PRODUCT_NAME = "$(TARGET_NAME)";
				SWIFT_VERSION = 3.0;
			};
			name = Debug;
		};
		7BD36D491E76E0700012E1D8 /* Release */ = {
			isa = XCBuildConfiguration;
			buildSettings = {
				ASSETCATALOG_COMPILER_APPICON_NAME = AppIcon;
				INFOPLIST_FILE = weatherApp/Info.plist;
				LD_RUNPATH_SEARCH_PATHS = "$(inherited) @executable_path/Frameworks";
				PRODUCT_BUNDLE_IDENTIFIER = sample.weatherApp;
				PRODUCT_NAME = "$(TARGET_NAME)";
				SWIFT_VERSION = 3.0;
			};
			name = Release;
		};
/* End XCBuildConfiguration section */

/* Begin XCConfigurationList section */
		7BD36D2D1E76E06F0012E1D8 /* Build configuration list for PBXProject "weatherApp" */ = {
			isa = XCConfigurationList;
			buildConfigurations = (
				7BD36D451E76E0700012E1D8 /* Debug */,
				7BD36D461E76E0700012E1D8 /* Release */,
			);
			defaultConfigurationIsVisible = 0;
			defaultConfigurationName = Release;
		};
		7BD36D471E76E0700012E1D8 /* Build configuration list for PBXNativeTarget "weatherApp" */ = {
			isa = XCConfigurationList;
			buildConfigurations = (
				7BD36D481E76E0700012E1D8 /* Debug */,
				7BD36D491E76E0700012E1D8 /* Release */,
			);
			defaultConfigurationIsVisible = 0;
			defaultConfigurationName = Release;
		};
/* End XCConfigurationList section */

/* Begin XCVersionGroup section */
		7BD36D3C1E76E0700012E1D8 /* weatherApp.xcdatamodeld */ = {
			isa = XCVersionGroup;
			children = (
				7BD36D3D1E76E0700012E1D8 /* weatherApp.xcdatamodel */,
			);
			currentVersion = 7BD36D3D1E76E0700012E1D8 /* weatherApp.xcdatamodel */;
			path = weatherApp.xcdatamodeld;
			sourceTree = "<group>";
			versionGroupType = wrapper.xcdatamodel;
		};
/* End XCVersionGroup section */
	};
	rootObject = 7BD36D2A1E76E06F0012E1D8 /* Project object */;
}
